
Microsoft Visual Studio Solution File, Format Version 12.00
# Visual Studio Version 17
VisualStudioVersion = 17.14.36310.24 d17.14
MinimumVisualStudioVersion = 10.0.40219.1
Project("{FAE04EC0-301F-11D3-BF4B-00C04F79EFBC}") = "ProductCatalog.API", "ProductCatalog\ProductCatalog.API.csproj", "{0EB65B07-52F2-4A16-805E-E53B3AC8CE02}"
EndProject
Project("{FAE04EC0-301F-11D3-BF4B-00C04F79EFBC}") = "ProductCatalog.Application", "ProductCatalog.Application\ProductCatalog.Application.csproj", "{2C6E28AB-D41B-43C2-9629-1079344FDECF}"
EndProject
Project("{FAE04EC0-301F-11D3-BF4B-00C04F79EFBC}") = "ProductCatalog.Domain", "ProductCatalog.Domain\ProductCatalog.Domain.csproj", "{D76F7B34-C27E-44E4-850E-445D336E0BE0}"
EndProject
Project("{FAE04EC0-301F-11D3-BF4B-00C04F79EFBC}") = "ProductCatalog.Infrastructure", "ProductCatalog.Infrastructure\ProductCatalog.Infrastructure.csproj", "{86875CA8-C094-46AF-B46F-B3C38DA94F0B}"
EndProject
Project("{2150E333-8FDC-42A3-9474-1A3956D46DE8}") = "Solution Items", "Solution Items", "{8EC462FD-D22E-90A8-E5CE-7E832BA40C5D}"
	ProjectSection(SolutionItems) = preProject
		docker-compose.yml = docker-compose.yml
	EndProjectSection
EndProject
Global
	GlobalSection(SolutionConfigurationPlatforms) = preSolution
		Debug|Any CPU = Debug|Any CPU
		Release|Any CPU = Release|Any CPU
	EndGlobalSection
	GlobalSection(ProjectConfigurationPlatforms) = postSolution
		{0EB65B07-52F2-4A16-805E-E53B3AC8CE02}.Debug|Any CPU.ActiveCfg = Debug|Any CPU
		{0EB65B07-52F2-4A16-805E-E53B3AC8CE02}.Debug|Any CPU.Build.0 = Debug|Any CPU
		{0EB65B07-52F2-4A16-805E-E53B3AC8CE02}.Release|Any CPU.ActiveCfg = Release|Any CPU
		{0EB65B07-52F2-4A16-805E-E53B3AC8CE02}.Release|Any CPU.Build.0 = Release|Any CPU
		{2C6E28AB-D41B-43C2-9629-1079344FDECF}.Debug|Any CPU.ActiveCfg = Debug|Any CPU
		{2C6E28AB-D41B-43C2-9629-1079344FDECF}.Debug|Any CPU.Build.0 = Debug|Any CPU
		{2C6E28AB-D41B-43C2-9629-1079344FDECF}.Release|Any CPU.ActiveCfg = Release|Any CPU
		{2C6E28AB-D41B-43C2-9629-1079344FDECF}.Release|Any CPU.Build.0 = Release|Any CPU
		{D76F7B34-C27E-44E4-850E-445D336E0BE0}.Debug|Any CPU.ActiveCfg = Debug|Any CPU
		{D76F7B34-C27E-44E4-850E-445D336E0BE0}.Debug|Any CPU.Build.0 = Debug|Any CPU
		{D76F7B34-C27E-44E4-850E-445D336E0BE0}.Release|Any CPU.ActiveCfg = Release|Any CPU
		{D76F7B34-C27E-44E4-850E-445D336E0BE0}.Release|Any CPU.Build.0 = Release|Any CPU
		{86875CA8-C094-46AF-B46F-B3C38DA94F0B}.Debug|Any CPU.ActiveCfg = Debug|Any CPU
		{86875CA8-C094-46AF-B46F-B3C38DA94F0B}.Debug|Any CPU.Build.0 = Debug|Any CPU
		{86875CA8-C094-46AF-B46F-B3C38DA94F0B}.Release|Any CPU.ActiveCfg = Release|Any CPU
		{86875CA8-C094-46AF-B46F-B3C38DA94F0B}.Release|Any CPU.Build.0 = Release|Any CPU
	EndGlobalSection
	GlobalSection(SolutionProperties) = preSolution
		HideSolutionNode = FALSE
	EndGlobalSection
	GlobalSection(ExtensibilityGlobals) = postSolution
		SolutionGuid = {7CB31C50-EDEC-40D7-9294-D53D31A6B885}
	EndGlobalSection
EndGlobal
